
Microsoft Visual Studio Solution File, Format Version 12.00
# Visual Studio Version 17
VisualStudioVersion = 17.5.33516.290
MinimumVisualStudioVersion = 10.0.40219.1
Project("{FAE04EC0-301F-11D3-BF4B-00C04F79EFBC}") = "BOOKSTORE", "BOOKSTORE\BOOKSTORE.csproj", "{A596D197-1FEF-48CC-AB89-652B231F4E7F}"
EndProject
Global
	GlobalSection(SolutionConfigurationPlatforms) = preSolution
		Debug|Any CPU = Debug|Any CPU
		Release|Any CPU = Release|Any CPU
	EndGlobalSection
	GlobalSection(ProjectConfigurationPlatforms) = postSolution
		{A596D197-1FEF-48CC-AB89-652B231F4E7F}.Debug|Any CPU.ActiveCfg = Debug|Any CPU
		{A596D197-1FEF-48CC-AB89-652B231F4E7F}.Debug|Any CPU.Build.0 = Debug|Any CPU
		{A596D197-1FEF-48CC-AB89-652B231F4E7F}.Release|Any CPU.ActiveCfg = Release|Any CPU
		{A596D197-1FEF-48CC-AB89-652B231F4E7F}.Release|Any CPU.Build.0 = Release|Any CPU
	EndGlobalSection
	GlobalSection(SolutionProperties) = preSolution
		HideSolutionNode = FALSE
	EndGlobalSection
	GlobalSection(ExtensibilityGlobals) = postSolution
		SolutionGuid = {A3DEF4F0-0518-4E3D-89BB-6776DD027319}
	EndGlobalSection
EndGlobal
